// !$*UTF8*$!
{
	archiveVersion = 1;
	classes = {
	};
	objectVersion = 55;
	objects = {

/* Begin PBXBuildFile section */
		DE83FF9028B4D79E00344601 /* PlantsCollection.swift in Sources */ = {isa = PBXBuildFile; fileRef = DE83FF8F28B4D79E00344601 /* PlantsCollection.swift */; };
		DECC439B28B3F67300A396FE /* NextBtn.swift in Sources */ = {isa = PBXBuildFile; fileRef = DECC439A28B3F67300A396FE /* NextBtn.swift */; };
		DECC439D28B3FDCC00A396FE /* WelcomeView.swift in Sources */ = {isa = PBXBuildFile; fileRef = DECC439C28B3FDCC00A396FE /* WelcomeView.swift */; };
		DECC439F28B3FEAD00A396FE /* HomeView.swift in Sources */ = {isa = PBXBuildFile; fileRef = DECC439E28B3FEAD00A396FE /* HomeView.swift */; };
		DECC43A128B4033900A396FE /* HeaderView.swift in Sources */ = {isa = PBXBuildFile; fileRef = DECC43A028B4033900A396FE /* HeaderView.swift */; };
		DECC43A428B427C800A396FE /* CategoryBtn.swift in Sources */ = {isa = PBXBuildFile; fileRef = DECC43A328B427C800A396FE /* CategoryBtn.swift */; };
		DECC43A628B429E900A396FE /* CategoriesView.swift in Sources */ = {isa = PBXBuildFile; fileRef = DECC43A528B429E900A396FE /* CategoriesView.swift */; };
		DECC43A828B42D1000A396FE /* SectionTitleView.swift in Sources */ = {isa = PBXBuildFile; fileRef = DECC43A728B42D1000A396FE /* SectionTitleView.swift */; };
		DECC43AA28B4312600A396FE /* ReccomendPlantCardView.swift in Sources */ = {isa = PBXBuildFile; fileRef = DECC43A928B4312600A396FE /* ReccomendPlantCardView.swift */; };
		DEEEAAE528B3EE1E00E9E5C2 /* plantApp.swift in Sources */ = {isa = PBXBuildFile; fileRef = DEEEAAE428B3EE1E00E9E5C2 /* plantApp.swift */; };
		DEEEAAE728B3EE1E00E9E5C2 /* ContentView.swift in Sources */ = {isa = PBXBuildFile; fileRef = DEEEAAE628B3EE1E00E9E5C2 /* ContentView.swift */; };
		DEEEAAE928B3EE2100E9E5C2 /* Assets.xcassets in Resources */ = {isa = PBXBuildFile; fileRef = DEEEAAE828B3EE2100E9E5C2 /* Assets.xcassets */; };
		DEEEAAEC28B3EE2100E9E5C2 /* Preview Assets.xcassets in Resources */ = {isa = PBXBuildFile; fileRef = DEEEAAEB28B3EE2100E9E5C2 /* Preview Assets.xcassets */; };
/* End PBXBuildFile section */

/* Begin PBXFileReference section */
		DE83FF8F28B4D79E00344601 /* PlantsCollection.swift */ = {isa = PBXFileReference; lastKnownFileType = sourcecode.swift; path = PlantsCollection.swift; sourceTree = "<group>"; };
		DECC439A28B3F67300A396FE /* NextBtn.swift */ = {isa = PBXFileReference; lastKnownFileType = sourcecode.swift; path = NextBtn.swift; sourceTree = "<group>"; };
		DECC439C28B3FDCC00A396FE /* WelcomeView.swift */ = {isa = PBXFileReference; lastKnownFileType = sourcecode.swift; path = WelcomeView.swift; sourceTree = "<group>"; };
		DECC439E28B3FEAD00A396FE /* HomeView.swift */ = {isa = PBXFileReference; lastKnownFileType = sourcecode.swift; path = HomeView.swift; sourceTree = "<group>"; };
		DECC43A028B4033900A396FE /* HeaderView.swift */ = {isa = PBXFileReference; lastKnownFileType = sourcecode.swift; path = HeaderView.swift; sourceTree = "<group>"; };
		DECC43A328B427C800A396FE /* CategoryBtn.swift */ = {isa = PBXFileReference; lastKnownFileType = sourcecode.swift; path = CategoryBtn.swift; sourceTree = "<group>"; };
		DECC43A528B429E900A396FE /* CategoriesView.swift */ = {isa = PBXFileReference; lastKnownFileType = sourcecode.swift; path = CategoriesView.swift; sourceTree = "<group>"; };
		DECC43A728B42D1000A396FE /* SectionTitleView.swift */ = {isa = PBXFileReference; lastKnownFileType = sourcecode.swift; path = SectionTitleView.swift; sourceTree = "<group>"; };
		DECC43A928B4312600A396FE /* ReccomendPlantCardView.swift */ = {isa = PBXFileReference; lastKnownFileType = sourcecode.swift; path = ReccomendPlantCardView.swift; sourceTree = "<group>"; };
		DEEEAAE128B3EE1E00E9E5C2 /* plant.app */ = {isa = PBXFileReference; explicitFileType = wrapper.application; includeInIndex = 0; path = plant.app; sourceTree = BUILT_PRODUCTS_DIR; };
		DEEEAAE428B3EE1E00E9E5C2 /* plantApp.swift */ = {isa = PBXFileReference; lastKnownFileType = sourcecode.swift; path = plantApp.swift; sourceTree = "<group>"; };
		DEEEAAE628B3EE1E00E9E5C2 /* ContentView.swift */ = {isa = PBXFileReference; lastKnownFileType = sourcecode.swift; path = ContentView.swift; sourceTree = "<group>"; };
		DEEEAAE828B3EE2100E9E5C2 /* Assets.xcassets */ = {isa = PBXFileReference; lastKnownFileType = folder.assetcatalog; path = Assets.xcassets; sourceTree = "<group>"; };
		DEEEAAEB28B3EE2100E9E5C2 /* Preview Assets.xcassets */ = {isa = PBXFileReference; lastKnownFileType = folder.assetcatalog; path = "Preview Assets.xcassets"; sourceTree = "<group>"; };
/* End PBXFileReference section */

/* Begin PBXFrameworksBuildPhase section */
		DEEEAADE28B3EE1E00E9E5C2 /* Frameworks */ = {
			isa = PBXFrameworksBuildPhase;
			buildActionMask = 2147483647;
			files = (
			);
			runOnlyForDeploymentPostprocessing = 0;
		};
/* End PBXFrameworksBuildPhase section */

/* Begin PBXGroup section */
		DECC439928B3F66600A396FE /* Views */ = {
			isa = PBXGroup;
			children = (
				DECC43A228B4036800A396FE /* Components */,
				DECC439C28B3FDCC00A396FE /* WelcomeView.swift */,
				DECC439E28B3FEAD00A396FE /* HomeView.swift */,
				DECC43A528B429E900A396FE /* CategoriesView.swift */,
				DECC43A728B42D1000A396FE /* SectionTitleView.swift */,
				DECC43A928B4312600A396FE /* ReccomendPlantCardView.swift */,
			);
			path = Views;
			sourceTree = "<group>";
		};
		DECC43A228B4036800A396FE /* Components */ = {
			isa = PBXGroup;
			children = (
				DECC439A28B3F67300A396FE /* NextBtn.swift */,
				DECC43A028B4033900A396FE /* HeaderView.swift */,
				DECC43A328B427C800A396FE /* CategoryBtn.swift */,
				DE83FF8F28B4D79E00344601 /* PlantsCollection.swift */,
			);
			path = Components;
			sourceTree = "<group>";
		};
		DEEEAAD828B3EE1E00E9E5C2 = {
			isa = PBXGroup;
			children = (
				DEEEAAE328B3EE1E00E9E5C2 /* plant */,
				DEEEAAE228B3EE1E00E9E5C2 /* Products */,
			);
			sourceTree = "<group>";
		};
		DEEEAAE228B3EE1E00E9E5C2 /* Products */ = {
			isa = PBXGroup;
			children = (
				DEEEAAE128B3EE1E00E9E5C2 /* plant.app */,
			);
			name = Products;
			sourceTree = "<group>";
		};
		DEEEAAE328B3EE1E00E9E5C2 /* plant */ = {
			isa = PBXGroup;
			children = (
				DECC439928B3F66600A396FE /* Views */,
				DEEEAAE428B3EE1E00E9E5C2 /* plantApp.swift */,
				DEEEAAE628B3EE1E00E9E5C2 /* ContentView.swift */,
				DEEEAAE828B3EE2100E9E5C2 /* Assets.xcassets */,
				DEEEAAEA28B3EE2100E9E5C2 /* Preview Content */,
			);
			path = plant;
			sourceTree = "<group>";
		};
		DEEEAAEA28B3EE2100E9E5C2 /* Preview Content */ = {
			isa = PBXGroup;
			children = (
				DEEEAAEB28B3EE2100E9E5C2 /* Preview Assets.xcassets */,
			);
			path = "Preview Content";
			sourceTree = "<group>";
		};
/* End PBXGroup section */

/* Begin PBXNativeTarget section */
		DEEEAAE028B3EE1E00E9E5C2 /* plant */ = {
			isa = PBXNativeTarget;
			buildConfigurationList = DEEEAAEF28B3EE2100E9E5C2 /* Build configuration list for PBXNativeTarget "plant" */;
			buildPhases = (
				DEEEAADD28B3EE1E00E9E5C2 /* Sources */,
				DEEEAADE28B3EE1E00E9E5C2 /* Frameworks */,
				DEEEAADF28B3EE1E00E9E5C2 /* Resources */,
			);
			buildRules = (
			);
			dependencies = (
			);
			name = plant;
			productName = plant;
			productReference = DEEEAAE128B3EE1E00E9E5C2 /* plant.app */;
			productType = "com.apple.product-type.application";
		};
/* End PBXNativeTarget section */

/* Begin PBXProject section */
		DEEEAAD928B3EE1E00E9E5C2 /* Project object */ = {
			isa = PBXProject;
			attributes = {
				BuildIndependentTargetsInParallel = 1;
				LastSwiftUpdateCheck = 1340;
				LastUpgradeCheck = 1340;
				TargetAttributes = {
					DEEEAAE028B3EE1E00E9E5C2 = {
						CreatedOnToolsVersion = 13.4.1;
					};
				};
			};
			buildConfigurationList = DEEEAADC28B3EE1E00E9E5C2 /* Build configuration list for PBXProject "plant" */;
			compatibilityVersion = "Xcode 13.0";
			developmentRegion = en;
			hasScannedForEncodings = 0;
			knownRegions = (
				en,
				Base,
			);
			mainGroup = DEEEAAD828B3EE1E00E9E5C2;
			productRefGroup = DEEEAAE228B3EE1E00E9E5C2 /* Products */;
			projectDirPath = "";
			projectRoot = "";
			targets = (
				DEEEAAE028B3EE1E00E9E5C2 /* plant */,
			);
		};
/* End PBXProject section */

/* Begin PBXResourcesBuildPhase section */
		DEEEAADF28B3EE1E00E9E5C2 /* Resources */ = {
			isa = PBXResourcesBuildPhase;
			buildActionMask = 2147483647;
			files = (
				DEEEAAEC28B3EE2100E9E5C2 /* Preview Assets.xcassets in Resources */,
				DEEEAAE928B3EE2100E9E5C2 /* Assets.xcassets in Resources */,
			);
			runOnlyForDeploymentPostprocessing = 0;
		};
/* End PBXResourcesBuildPhase section */

/* Begin PBXSourcesBuildPhase section */
		DEEEAADD28B3EE1E00E9E5C2 /* Sources */ = {
			isa = PBXSourcesBuildPhase;
			buildActionMask = 2147483647;
			files = (
				DECC43A628B429E900A396FE /* CategoriesView.swift in Sources */,
				DEEEAAE728B3EE1E00E9E5C2 /* ContentView.swift in Sources */,
				DECC43A128B4033900A396FE /* HeaderView.swift in Sources */,
				DECC43AA28B4312600A396FE /* ReccomendPlantCardView.swift in Sources */,
				DEEEAAE528B3EE1E00E9E5C2 /* plantApp.swift in Sources */,
				DECC439B28B3F67300A396FE /* NextBtn.swift in Sources */,
				DECC43A828B42D1000A396FE /* SectionTitleView.swift in Sources */,
				DE83FF9028B4D79E00344601 /* PlantsCollection.swift in Sources */,
				DECC43A428B427C800A396FE /* CategoryBtn.swift in Sources */,
				DECC439F28B3FEAD00A396FE /* HomeView.swift in Sources */,
				DECC439D28B3FDCC00A396FE /* WelcomeView.swift in Sources */,
			);
			runOnlyForDeploymentPostprocessing = 0;
		};
/* End PBXSourcesBuildPhase section */

/* Begin XCBuildConfiguration section */
		DEEEAAED28B3EE2100E9E5C2 /* Debug */ = {
			isa = XCBuildConfiguration;
			buildSettings = {
				ALWAYS_SEARCH_USER_PATHS = NO;
				CLANG_ANALYZER_NONNULL = YES;
				CLANG_ANALYZER_NUMBER_OBJECT_CONVERSION = YES_AGGRESSIVE;
				CLANG_CXX_LANGUAGE_STANDARD = "gnu++17";
				CLANG_ENABLE_MODULES = YES;
				CLANG_ENABLE_OBJC_ARC = YES;
				CLANG_ENABLE_OBJC_WEAK = YES;
				CLANG_WARN_BLOCK_CAPTURE_AUTORELEASING = YES;
				CLANG_WARN_BOOL_CONVERSION = YES;
				CLANG_WARN_COMMA = YES;
				CLANG_WARN_CONSTANT_CONVERSION = YES;
				CLANG_WARN_DEPRECATED_OBJC_IMPLEMENTATIONS = YES;
				CLANG_WARN_DIRECT_OBJC_ISA_USAGE = YES_ERROR;
				CLANG_WARN_DOCUMENTATION_COMMENTS = YES;
				CLANG_WARN_EMPTY_BODY = YES;
				CLANG_WARN_ENUM_CONVERSION = YES;
				CLANG_WARN_INFINITE_RECURSION = YES;
				CLANG_WARN_INT_CONVERSION = YES;
				CLANG_WARN_NON_LITERAL_NULL_CONVERSION = YES;
				CLANG_WARN_OBJC_IMPLICIT_RETAIN_SELF = YES;
				CLANG_WARN_OBJC_LITERAL_CONVERSION = YES;
				CLANG_WARN_OBJC_ROOT_CLASS = YES_ERROR;
				CLANG_WARN_QUOTED_INCLUDE_IN_FRAMEWORK_HEADER = YES;
				CLANG_WARN_RANGE_LOOP_ANALYSIS = YES;
				CLANG_WARN_STRICT_PROTOTYPES = YES;
				CLANG_WARN_SUSPICIOUS_MOVE = YES;
				CLANG_WARN_UNGUARDED_AVAILABILITY = YES_AGGRESSIVE;
				CLANG_WARN_UNREACHABLE_CODE = YES;
				CLANG_WARN__DUPLICATE_METHOD_MATCH = YES;
				COPY_PHASE_STRIP = NO;
				DEBUG_INFORMATION_FORMAT = dwarf;
				ENABLE_STRICT_OBJC_MSGSEND = YES;
				ENABLE_TESTABILITY = YES;
				GCC_C_LANGUAGE_STANDARD = gnu11;
				GCC_DYNAMIC_NO_PIC = NO;
				GCC_NO_COMMON_BLOCKS = YES;
				GCC_OPTIMIZATION_LEVEL = 0;
				GCC_PREPROCESSOR_DEFINITIONS = (
					"DEBUG=1",
					"$(inherited)",
				);
				GCC_WARN_64_TO_32_BIT_CONVERSION = YES;
				GCC_WARN_ABOUT_RETURN_TYPE = YES_ERROR;
				GCC_WARN_UNDECLARED_SELECTOR = YES;
				GCC_WARN_UNINITIALIZED_AUTOS = YES_AGGRESSIVE;
				GCC_WARN_UNUSED_FUNCTION = YES;
				GCC_WARN_UNUSED_VARIABLE = YES;
				IPHONEOS_DEPLOYMENT_TARGET = 15.5;
				MTL_ENABLE_DEBUG_INFO = INCLUDE_SOURCE;
				MTL_FAST_MATH = YES;
				ONLY_ACTIVE_ARCH = YES;
				SDKROOT = iphoneos;
				SWIFT_ACTIVE_COMPILATION_CONDITIONS = DEBUG;
				SWIFT_OPTIMIZATION_LEVEL = "-Onone";
			};
			name = Debug;
		};
		DEEEAAEE28B3EE2100E9E5C2 /* Release */ = {
			isa = XCBuildConfiguration;
			buildSettings = {
				ALWAYS_SEARCH_USER_PATHS = NO;
				CLANG_ANALYZER_NONNULL = YES;
				CLANG_ANALYZER_NUMBER_OBJECT_CONVERSION = YES_AGGRESSIVE;
				CLANG_CXX_LANGUAGE_STANDARD = "gnu++17";
				CLANG_ENABLE_MODULES = YES;
				CLANG_ENABLE_OBJC_ARC = YES;
				CLANG_ENABLE_OBJC_WEAK = YES;
				CLANG_WARN_BLOCK_CAPTURE_AUTORELEASING = YES;
				CLANG_WARN_BOOL_CONVERSION = YES;
				CLANG_WARN_COMMA = YES;
				CLANG_WARN_CONSTANT_CONVERSION = YES;
				CLANG_WARN_DEPRECATED_OBJC_IMPLEMENTATIONS = YES;
				CLANG_WARN_DIRECT_OBJC_ISA_USAGE = YES_ERROR;
				CLANG_WARN_DOCUMENTATION_COMMENTS = YES;
				CLANG_WARN_EMPTY_BODY = YES;
				CLANG_WARN_ENUM_CONVERSION = YES;
				CLANG_WARN_INFINITE_RECURSION = YES;
				CLANG_WARN_INT_CONVERSION = YES;
				CLANG_WARN_NON_LITERAL_NULL_CONVERSION = YES;
				CLANG_WARN_OBJC_IMPLICIT_RETAIN_SELF = YES;
				CLANG_WARN_OBJC_LITERAL_CONVERSION = YES;
				CLANG_WARN_OBJC_ROOT_CLASS = YES_ERROR;
				CLANG_WARN_QUOTED_INCLUDE_IN_FRAMEWORK_HEADER = YES;
				CLANG_WARN_RANGE_LOOP_ANALYSIS = YES;
				CLANG_WARN_STRICT_PROTOTYPES = YES;
				CLANG_WARN_SUSPICIOUS_MOVE = YES;
				CLANG_WARN_UNGUARDED_AVAILABILITY = YES_AGGRESSIVE;
				CLANG_WARN_UNREACHABLE_CODE = YES;
				CLANG_WARN__DUPLICATE_METHOD_MATCH = YES;
				COPY_PHASE_STRIP = NO;
				DEBUG_INFORMATION_FORMAT = "dwarf-with-dsym";
				ENABLE_NS_ASSERTIONS = NO;
				ENABLE_STRICT_OBJC_MSGSEND = YES;
				GCC_C_LANGUAGE_STANDARD = gnu11;
				GCC_NO_COMMON_BLOCKS = YES;
				GCC_WARN_64_TO_32_BIT_CONVERSION = YES;
				GCC_WARN_ABOUT_RETURN_TYPE = YES_ERROR;
				GCC_WARN_UNDECLARED_SELECTOR = YES;
				GCC_WARN_UNINITIALIZED_AUTOS = YES_AGGRESSIVE;
				GCC_WARN_UNUSED_FUNCTION = YES;
				GCC_WARN_UNUSED_VARIABLE = YES;
				IPHONEOS_DEPLOYMENT_TARGET = 15.5;
				MTL_ENABLE_DEBUG_INFO = NO;
				MTL_FAST_MATH = YES;
				SDKROOT = iphoneos;
				SWIFT_COMPILATION_MODE = wholemodule;
				SWIFT_OPTIMIZATION_LEVEL = "-O";
				VALIDATE_PRODUCT = YES;
			};
			name = Release;
		};
		DEEEAAF028B3EE2100E9E5C2 /* Debug */ = {
			isa = XCBuildConfiguration;
			buildSettings = {
				ASSETCATALOG_COMPILER_APPICON_NAME = AppIcon;
				ASSETCATALOG_COMPILER_GLOBAL_ACCENT_COLOR_NAME = AccentColor;
				CODE_SIGN_STYLE = Automatic;
				CURRENT_PROJECT_VERSION = 1;
				DEVELOPMENT_ASSET_PATHS = "\"plant/Preview Content\"";
				DEVELOPMENT_TEAM = 6438LW8238;
				ENABLE_PREVIEWS = YES;
				GENERATE_INFOPLIST_FILE = YES;
				INFOPLIST_KEY_UIApplicationSceneManifest_Generation = YES;
				INFOPLIST_KEY_UIApplicationSupportsIndirectInputEvents = YES;
				INFOPLIST_KEY_UILaunchScreen_Generation = YES;
				INFOPLIST_KEY_UISupportedInterfaceOrientations_iPad = "UIInterfaceOrientationPortrait UIInterfaceOrientationPortraitUpsideDown UIInterfaceOrientationLandscapeLeft UIInterfaceOrientationLandscapeRight";
				INFOPLIST_KEY_UISupportedInterfaceOrientations_iPhone = "UIInterfaceOrientationPortrait UIInterfaceOrientationLandscapeLeft UIInterfaceOrientationLandscapeRight";
				LD_RUNPATH_SEARCH_PATHS = (
					"$(inherited)",
					"@executable_path/Frameworks",
				);
				MARKETING_VERSION = 1.0;
				PRODUCT_BUNDLE_IDENTIFIER = plant.plant;
				PRODUCT_NAME = "$(TARGET_NAME)";
				SWIFT_EMIT_LOC_STRINGS = YES;
				SWIFT_VERSION = 5.0;
				TARGETED_DEVICE_FAMILY = "1,2";
			};
			name = Debug;
		};
		DEEEAAF128B3EE2100E9E5C2 /* Release */ = {
			isa = XCBuildConfiguration;
			buildSettings = {
				ASSETCATALOG_COMPILER_APPICON_NAME = AppIcon;
				ASSETCATALOG_COMPILER_GLOBAL_ACCENT_COLOR_NAME = AccentColor;
				CODE_SIGN_STYLE = Automatic;
				CURRENT_PROJECT_VERSION = 1;
				DEVELOPMENT_ASSET_PATHS = "\"plant/Preview Content\"";
				DEVELOPMENT_TEAM = 6438LW8238;
				ENABLE_PREVIEWS = YES;
				GENERATE_INFOPLIST_FILE = YES;
				INFOPLIST_KEY_UIApplicationSceneManifest_Generation = YES;
				INFOPLIST_KEY_UIApplicationSupportsIndirectInputEvents = YES;
				INFOPLIST_KEY_UILaunchScreen_Generation = YES;
				INFOPLIST_KEY_UISupportedInterfaceOrientations_iPad = "UIInterfaceOrientationPortrait UIInterfaceOrientationPortraitUpsideDown UIInterfaceOrientationLandscapeLeft UIInterfaceOrientationLandscapeRight";
				INFOPLIST_KEY_UISupportedInterfaceOrientations_iPhone = "UIInterfaceOrientationPortrait UIInterfaceOrientationLandscapeLeft UIInterfaceOrientationLandscapeRight";
				LD_RUNPATH_SEARCH_PATHS = (
					"$(inherited)",
					"@executable_path/Frameworks",
				);
				MARKETING_VERSION = 1.0;
				PRODUCT_BUNDLE_IDENTIFIER = plant.plant;
				PRODUCT_NAME = "$(TARGET_NAME)";
				SWIFT_EMIT_LOC_STRINGS = YES;
				SWIFT_VERSION = 5.0;
				TARGETED_DEVICE_FAMILY = "1,2";
			};
			name = Release;
		};
/* End XCBuildConfiguration section */

/* Begin XCConfigurationList section */
		DEEEAADC28B3EE1E00E9E5C2 /* Build configuration list for PBXProject "plant" */ = {
			isa = XCConfigurationList;
			buildConfigurations = (
				DEEEAAED28B3EE2100E9E5C2 /* Debug */,
				DEEEAAEE28B3EE2100E9E5C2 /* Release */,
			);
			defaultConfigurationIsVisible = 0;
			defaultConfigurationName = Release;
		};
		DEEEAAEF28B3EE2100E9E5C2 /* Build configuration list for PBXNativeTarget "plant" */ = {
			isa = XCConfigurationList;
			buildConfigurations = (
				DEEEAAF028B3EE2100E9E5C2 /* Debug */,
				DEEEAAF128B3EE2100E9E5C2 /* Release */,
			);
			defaultConfigurationIsVisible = 0;
			defaultConfigurationName = Release;
		};
/* End XCConfigurationList section */
	};
	rootObject = DEEEAAD928B3EE1E00E9E5C2 /* Project object */;
}
